// !$*UTF8*$!
{
	archiveVersion = 1;
	classes = {
	};
	objectVersion = 50;
	objects = {

/* Begin PBXBuildFile section */
		22707EEA232F3F0900344272 /* SDL2.framework in Frameworks */ = {isa = PBXBuildFile; fileRef = 22707EE9232F3F0900344272 /* SDL2.framework */; };
		22707EF6232F3FDF00344272 /* simplest_mediadata_flv.cpp in Sources */ = {isa = PBXBuildFile; fileRef = 22707EEC232F3FDF00344272 /* simplest_mediadata_flv.cpp */; };
		22707EF7232F3FDF00344272 /* simplest_mediadata_udp.cpp in Sources */ = {isa = PBXBuildFile; fileRef = 22707EED232F3FDF00344272 /* simplest_mediadata_udp.cpp */; };
		22707EF8232F3FDF00344272 /* simplest_mediadata_aac.cpp in Sources */ = {isa = PBXBuildFile; fileRef = 22707EF1232F3FDF00344272 /* simplest_mediadata_aac.cpp */; };
		22707EF9232F3FDF00344272 /* simplest_mediadata_h264.cpp in Sources */ = {isa = PBXBuildFile; fileRef = 22707EF3232F3FDF00344272 /* simplest_mediadata_h264.cpp */; };
		22707EFA232F3FDF00344272 /* simplest_mediadata_raw.cpp in Sources */ = {isa = PBXBuildFile; fileRef = 22707EF4232F3FDF00344272 /* simplest_mediadata_raw.cpp */; };
		22C5ACA22320FA0A00E7707C /* main.cpp in Sources */ = {isa = PBXBuildFile; fileRef = 22C5ACA12320FA0A00E7707C /* main.cpp */; };
/* End PBXBuildFile section */

/* Begin PBXCopyFilesBuildPhase section */
		22C5AC9C2320FA0A00E7707C /* CopyFiles */ = {
			isa = PBXCopyFilesBuildPhase;
			buildActionMask = 2147483647;
			dstPath = /usr/share/man/man1/;
			dstSubfolderSpec = 0;
			files = (
			);
			runOnlyForDeploymentPostprocessing = 1;
		};
/* End PBXCopyFilesBuildPhase section */

/* Begin PBXFileReference section */
		22707EE9232F3F0900344272 /* SDL2.framework */ = {isa = PBXFileReference; lastKnownFileType = wrapper.framework; path = SDL2.framework; sourceTree = "<group>"; };
		22707EEC232F3FDF00344272 /* simplest_mediadata_flv.cpp */ = {isa = PBXFileReference; fileEncoding = 4; lastKnownFileType = sourcecode.cpp.cpp; path = simplest_mediadata_flv.cpp; sourceTree = "<group>"; };
		22707EED232F3FDF00344272 /* simplest_mediadata_udp.cpp */ = {isa = PBXFileReference; fileEncoding = 4; lastKnownFileType = sourcecode.cpp.cpp; path = simplest_mediadata_udp.cpp; sourceTree = "<group>"; };
		22707EEE232F3FDF00344272 /* simplest_mediadata_raw.hpp */ = {isa = PBXFileReference; fileEncoding = 4; lastKnownFileType = sourcecode.cpp.h; path = simplest_mediadata_raw.hpp; sourceTree = "<group>"; };
		22707EEF232F3FDF00344272 /* simplest_mediadata_udp.hpp */ = {isa = PBXFileReference; fileEncoding = 4; lastKnownFileType = sourcecode.cpp.h; path = simplest_mediadata_udp.hpp; sourceTree = "<group>"; };
		22707EF0232F3FDF00344272 /* simplest_mediadata_aac.hpp */ = {isa = PBXFileReference; fileEncoding = 4; lastKnownFileType = sourcecode.cpp.h; path = simplest_mediadata_aac.hpp; sourceTree = "<group>"; };
		22707EF1232F3FDF00344272 /* simplest_mediadata_aac.cpp */ = {isa = PBXFileReference; fileEncoding = 4; lastKnownFileType = sourcecode.cpp.cpp; path = simplest_mediadata_aac.cpp; sourceTree = "<group>"; };
		22707EF2232F3FDF00344272 /* simplest_mediadata_flv.hpp */ = {isa = PBXFileReference; fileEncoding = 4; lastKnownFileType = sourcecode.cpp.h; path = simplest_mediadata_flv.hpp; sourceTree = "<group>"; };
		22707EF3232F3FDF00344272 /* simplest_mediadata_h264.cpp */ = {isa = PBXFileReference; fileEncoding = 4; lastKnownFileType = sourcecode.cpp.cpp; path = simplest_mediadata_h264.cpp; sourceTree = "<group>"; };
		22707EF4232F3FDF00344272 /* simplest_mediadata_raw.cpp */ = {isa = PBXFileReference; fileEncoding = 4; lastKnownFileType = sourcecode.cpp.cpp; path = simplest_mediadata_raw.cpp; sourceTree = "<group>"; };
		22707EF5232F3FDF00344272 /* simplest_mediadata_h264.hpp */ = {isa = PBXFileReference; fileEncoding = 4; lastKnownFileType = sourcecode.cpp.h; path = simplest_mediadata_h264.hpp; sourceTree = "<group>"; };
		22C5AC9E2320FA0A00E7707C /* ffmpeg */ = {isa = PBXFileReference; explicitFileType = "compiled.mach-o.executable"; includeInIndex = 0; path = ffmpeg; sourceTree = BUILT_PRODUCTS_DIR; };
		22C5ACA12320FA0A00E7707C /* main.cpp */ = {isa = PBXFileReference; lastKnownFileType = sourcecode.cpp.cpp; path = main.cpp; sourceTree = "<group>"; };
/* End PBXFileReference section */

/* Begin PBXFrameworksBuildPhase section */
		22C5AC9B2320FA0A00E7707C /* Frameworks */ = {
			isa = PBXFrameworksBuildPhase;
			buildActionMask = 2147483647;
			files = (
				22707EEA232F3F0900344272 /* SDL2.framework in Frameworks */,
			);
			runOnlyForDeploymentPostprocessing = 0;
		};
/* End PBXFrameworksBuildPhase section */

/* Begin PBXGroup section */
		22707EE8232F3EF900344272 /* lib */ = {
			isa = PBXGroup;
			children = (
				22707EE9232F3F0900344272 /* SDL2.framework */,
			);
			path = lib;
			sourceTree = "<group>";
		};
		22707EEB232F3FA500344272 /* simplest_mediadata_test */ = {
			isa = PBXGroup;
			children = (
				22707EEE232F3FDF00344272 /* simplest_mediadata_raw.hpp */,
				22707EF4232F3FDF00344272 /* simplest_mediadata_raw.cpp */,
				22707EF5232F3FDF00344272 /* simplest_mediadata_h264.hpp */,
				22707EF3232F3FDF00344272 /* simplest_mediadata_h264.cpp */,
				22707EF0232F3FDF00344272 /* simplest_mediadata_aac.hpp */,
				22707EF1232F3FDF00344272 /* simplest_mediadata_aac.cpp */,
				22707EF2232F3FDF00344272 /* simplest_mediadata_flv.hpp */,
				22707EEC232F3FDF00344272 /* simplest_mediadata_flv.cpp */,
				22707EEF232F3FDF00344272 /* simplest_mediadata_udp.hpp */,
				22707EED232F3FDF00344272 /* simplest_mediadata_udp.cpp */,
			);
			path = simplest_mediadata_test;
			sourceTree = "<group>";
		};
		22707EFB232F406400344272 /* simplest_ffmpeg_player */ = {
			isa = PBXGroup;
			children = (
			);
			path = simplest_ffmpeg_player;
			sourceTree = "<group>";
		};
		22C5AC952320FA0A00E7707C = {
			isa = PBXGroup;
			children = (
				22C5ACA02320FA0A00E7707C /* ffmpeg */,
				22C5AC9F2320FA0A00E7707C /* Products */,
			);
			sourceTree = "<group>";
		};
		22C5AC9F2320FA0A00E7707C /* Products */ = {
			isa = PBXGroup;
			children = (
				22C5AC9E2320FA0A00E7707C /* ffmpeg */,
			);
			name = Products;
			sourceTree = "<group>";
		};
		22C5ACA02320FA0A00E7707C /* ffmpeg */ = {
			isa = PBXGroup;
			children = (
				22707EE8232F3EF900344272 /* lib */,
				22C5ACA82320FA5A00E7707C /* src */,
				22C5ACA12320FA0A00E7707C /* main.cpp */,
			);
			path = ffmpeg;
			sourceTree = "<group>";
		};
		22C5ACA82320FA5A00E7707C /* src */ = {
			isa = PBXGroup;
			children = (
				22707EEB232F3FA500344272 /* simplest_mediadata_test */,
				22707EFB232F406400344272 /* simplest_ffmpeg_player */,
			);
			path = src;
			sourceTree = "<group>";
		};
/* End PBXGroup section */

/* Begin PBXNativeTarget section */
		22C5AC9D2320FA0A00E7707C /* ffmpeg */ = {
			isa = PBXNativeTarget;
			buildConfigurationList = 22C5ACA52320FA0A00E7707C /* Build configuration list for PBXNativeTarget "ffmpeg" */;
			buildPhases = (
				22C5AC9A2320FA0A00E7707C /* Sources */,
				22C5AC9B2320FA0A00E7707C /* Frameworks */,
				22C5AC9C2320FA0A00E7707C /* CopyFiles */,
			);
			buildRules = (
			);
			dependencies = (
			);
			name = ffmpeg;
			productName = ffmpeg;
			productReference = 22C5AC9E2320FA0A00E7707C /* ffmpeg */;
			productType = "com.apple.product-type.tool";
		};
/* End PBXNativeTarget section */

/* Begin PBXProject section */
		22C5AC962320FA0A00E7707C /* Project object */ = {
			isa = PBXProject;
			attributes = {
				LastUpgradeCheck = 1020;
				ORGANIZATIONNAME = "秀健身";
				TargetAttributes = {
					22C5AC9D2320FA0A00E7707C = {
						CreatedOnToolsVersion = 10.2.1;
					};
				};
			};
			buildConfigurationList = 22C5AC992320FA0A00E7707C /* Build configuration list for PBXProject "ffmpeg" */;
			compatibilityVersion = "Xcode 9.3";
			developmentRegion = en;
			hasScannedForEncodings = 0;
			knownRegions = (
				en,
			);
			mainGroup = 22C5AC952320FA0A00E7707C;
			productRefGroup = 22C5AC9F2320FA0A00E7707C /* Products */;
			projectDirPath = "";
			projectRoot = "";
			targets = (
				22C5AC9D2320FA0A00E7707C /* ffmpeg */,
			);
		};
/* End PBXProject section */

/* Begin PBXSourcesBuildPhase section */
		22C5AC9A2320FA0A00E7707C /* Sources */ = {
			isa = PBXSourcesBuildPhase;
			buildActionMask = 2147483647;
			files = (
				22707EF6232F3FDF00344272 /* simplest_mediadata_flv.cpp in Sources */,
				22707EF8232F3FDF00344272 /* simplest_mediadata_aac.cpp in Sources */,
				22707EF7232F3FDF00344272 /* simplest_mediadata_udp.cpp in Sources */,
				22707EF9232F3FDF00344272 /* simplest_mediadata_h264.cpp in Sources */,
				22707EFA232F3FDF00344272 /* simplest_mediadata_raw.cpp in Sources */,
				22C5ACA22320FA0A00E7707C /* main.cpp in Sources */,
			);
			runOnlyForDeploymentPostprocessing = 0;
		};
/* End PBXSourcesBuildPhase section */

/* Begin XCBuildConfiguration section */
		22C5ACA32320FA0A00E7707C /* Debug */ = {
			isa = XCBuildConfiguration;
			buildSettings = {
				ALWAYS_SEARCH_USER_PATHS = NO;
				CLANG_ANALYZER_NONNULL = YES;
				CLANG_ANALYZER_NUMBER_OBJECT_CONVERSION = YES_AGGRESSIVE;
				CLANG_CXX_LANGUAGE_STANDARD = "gnu++14";
				CLANG_CXX_LIBRARY = "libc++";
				CLANG_ENABLE_MODULES = YES;
				CLANG_ENABLE_OBJC_ARC = YES;
				CLANG_ENABLE_OBJC_WEAK = YES;
				CLANG_WARN_BLOCK_CAPTURE_AUTORELEASING = YES;
				CLANG_WARN_BOOL_CONVERSION = YES;
				CLANG_WARN_COMMA = YES;
				CLANG_WARN_CONSTANT_CONVERSION = YES;
				CLANG_WARN_DEPRECATED_OBJC_IMPLEMENTATIONS = YES;
				CLANG_WARN_DIRECT_OBJC_ISA_USAGE = YES_ERROR;
				CLANG_WARN_DOCUMENTATION_COMMENTS = YES;
				CLANG_WARN_EMPTY_BODY = YES;
				CLANG_WARN_ENUM_CONVERSION = YES;
				CLANG_WARN_INFINITE_RECURSION = YES;
				CLANG_WARN_INT_CONVERSION = YES;
				CLANG_WARN_NON_LITERAL_NULL_CONVERSION = YES;
				CLANG_WARN_OBJC_IMPLICIT_RETAIN_SELF = YES;
				CLANG_WARN_OBJC_LITERAL_CONVERSION = YES;
				CLANG_WARN_OBJC_ROOT_CLASS = YES_ERROR;
				CLANG_WARN_RANGE_LOOP_ANALYSIS = YES;
				CLANG_WARN_STRICT_PROTOTYPES = YES;
				CLANG_WARN_SUSPICIOUS_MOVE = YES;
				CLANG_WARN_UNGUARDED_AVAILABILITY = YES_AGGRESSIVE;
				CLANG_WARN_UNREACHABLE_CODE = YES;
				CLANG_WARN__DUPLICATE_METHOD_MATCH = YES;
				CODE_SIGN_IDENTITY = "-";
				COPY_PHASE_STRIP = NO;
				DEBUG_INFORMATION_FORMAT = dwarf;
				ENABLE_STRICT_OBJC_MSGSEND = YES;
				ENABLE_TESTABILITY = YES;
				GCC_C_LANGUAGE_STANDARD = gnu11;
				GCC_DYNAMIC_NO_PIC = NO;
				GCC_NO_COMMON_BLOCKS = YES;
				GCC_OPTIMIZATION_LEVEL = 0;
				GCC_PREPROCESSOR_DEFINITIONS = (
					"DEBUG=1",
					"$(inherited)",
				);
				GCC_WARN_64_TO_32_BIT_CONVERSION = YES;
				GCC_WARN_ABOUT_RETURN_TYPE = YES_ERROR;
				GCC_WARN_UNDECLARED_SELECTOR = YES;
				GCC_WARN_UNINITIALIZED_AUTOS = YES_AGGRESSIVE;
				GCC_WARN_UNUSED_FUNCTION = YES;
				GCC_WARN_UNUSED_VARIABLE = YES;
				MACOSX_DEPLOYMENT_TARGET = 10.14;
				MTL_ENABLE_DEBUG_INFO = INCLUDE_SOURCE;
				MTL_FAST_MATH = YES;
				ONLY_ACTIVE_ARCH = YES;
				SDKROOT = macosx;
			};
			name = Debug;
		};
		22C5ACA42320FA0A00E7707C /* Release */ = {
			isa = XCBuildConfiguration;
			buildSettings = {
				ALWAYS_SEARCH_USER_PATHS = NO;
				CLANG_ANALYZER_NONNULL = YES;
				CLANG_ANALYZER_NUMBER_OBJECT_CONVERSION = YES_AGGRESSIVE;
				CLANG_CXX_LANGUAGE_STANDARD = "gnu++14";
				CLANG_CXX_LIBRARY = "libc++";
				CLANG_ENABLE_MODULES = YES;
				CLANG_ENABLE_OBJC_ARC = YES;
				CLANG_ENABLE_OBJC_WEAK = YES;
				CLANG_WARN_BLOCK_CAPTURE_AUTORELEASING = YES;
				CLANG_WARN_BOOL_CONVERSION = YES;
				CLANG_WARN_COMMA = YES;
				CLANG_WARN_CONSTANT_CONVERSION = YES;
				CLANG_WARN_DEPRECATED_OBJC_IMPLEMENTATIONS = YES;
				CLANG_WARN_DIRECT_OBJC_ISA_USAGE = YES_ERROR;
				CLANG_WARN_DOCUMENTATION_COMMENTS = YES;
				CLANG_WARN_EMPTY_BODY = YES;
				CLANG_WARN_ENUM_CONVERSION = YES;
				CLANG_WARN_INFINITE_RECURSION = YES;
				CLANG_WARN_INT_CONVERSION = YES;
				CLANG_WARN_NON_LITERAL_NULL_CONVERSION = YES;
				CLANG_WARN_OBJC_IMPLICIT_RETAIN_SELF = YES;
				CLANG_WARN_OBJC_LITERAL_CONVERSION = YES;
				CLANG_WARN_OBJC_ROOT_CLASS = YES_ERROR;
				CLANG_WARN_RANGE_LOOP_ANALYSIS = YES;
				CLANG_WARN_STRICT_PROTOTYPES = YES;
				CLANG_WARN_SUSPICIOUS_MOVE = YES;
				CLANG_WARN_UNGUARDED_AVAILABILITY = YES_AGGRESSIVE;
				CLANG_WARN_UNREACHABLE_CODE = YES;
				CLANG_WARN__DUPLICATE_METHOD_MATCH = YES;
				CODE_SIGN_IDENTITY = "-";
				COPY_PHASE_STRIP = NO;
				DEBUG_INFORMATION_FORMAT = "dwarf-with-dsym";
				ENABLE_NS_ASSERTIONS = NO;
				ENABLE_STRICT_OBJC_MSGSEND = YES;
				GCC_C_LANGUAGE_STANDARD = gnu11;
				GCC_NO_COMMON_BLOCKS = YES;
				GCC_WARN_64_TO_32_BIT_CONVERSION = YES;
				GCC_WARN_ABOUT_RETURN_TYPE = YES_ERROR;
				GCC_WARN_UNDECLARED_SELECTOR = YES;
				GCC_WARN_UNINITIALIZED_AUTOS = YES_AGGRESSIVE;
				GCC_WARN_UNUSED_FUNCTION = YES;
				GCC_WARN_UNUSED_VARIABLE = YES;
				MACOSX_DEPLOYMENT_TARGET = 10.14;
				MTL_ENABLE_DEBUG_INFO = NO;
				MTL_FAST_MATH = YES;
				SDKROOT = macosx;
			};
			name = Release;
		};
		22C5ACA62320FA0A00E7707C /* Debug */ = {
			isa = XCBuildConfiguration;
			buildSettings = {
				CODE_SIGN_STYLE = Automatic;
				FRAMEWORK_SEARCH_PATHS = (
					"$(inherited)",
					"$(PROJECT_DIR)/ffmpeg/lib",
				);
				PRODUCT_NAME = "$(TARGET_NAME)";
			};
			name = Debug;
		};
		22C5ACA72320FA0A00E7707C /* Release */ = {
			isa = XCBuildConfiguration;
			buildSettings = {
				CODE_SIGN_STYLE = Automatic;
				FRAMEWORK_SEARCH_PATHS = (
					"$(inherited)",
					"$(PROJECT_DIR)/ffmpeg/lib",
				);
				PRODUCT_NAME = "$(TARGET_NAME)";
			};
			name = Release;
		};
/* End XCBuildConfiguration section */

/* Begin XCConfigurationList section */
		22C5AC992320FA0A00E7707C /* Build configuration list for PBXProject "ffmpeg" */ = {
			isa = XCConfigurationList;
			buildConfigurations = (
				22C5ACA32320FA0A00E7707C /* Debug */,
				22C5ACA42320FA0A00E7707C /* Release */,
			);
			defaultConfigurationIsVisible = 0;
			defaultConfigurationName = Release;
		};
		22C5ACA52320FA0A00E7707C /* Build configuration list for PBXNativeTarget "ffmpeg" */ = {
			isa = XCConfigurationList;
			buildConfigurations = (
				22C5ACA62320FA0A00E7707C /* Debug */,
				22C5ACA72320FA0A00E7707C /* Release */,
			);
			defaultConfigurationIsVisible = 0;
			defaultConfigurationName = Release;
		};
/* End XCConfigurationList section */
	};
	rootObject = 22C5AC962320FA0A00E7707C /* Project object */;
}
