// !$*UTF8*$!
{
	archiveVersion = 1;
	classes = {
	};
	objectVersion = 50;
	objects = {

/* Begin PBXBuildFile section */
		18A7BCB823B0BF5900AEDE48 /* libavdevice.58.5.100.dylib in Frameworks */ = {isa = PBXBuildFile; fileRef = 22B6DE422331E24B00D048F0 /* libavdevice.58.5.100.dylib */; };
		18A7BCC823B1FEEE00AEDE48 /* libSDL2.a in Frameworks */ = {isa = PBXBuildFile; fileRef = 18A7BCBC23B1AB2F00AEDE48 /* libSDL2.a */; };
		22707EF6232F3FDF00344272 /* simplest_mediadata_flv.cpp in Sources */ = {isa = PBXBuildFile; fileRef = 22707EEC232F3FDF00344272 /* simplest_mediadata_flv.cpp */; };
		22707EF7232F3FDF00344272 /* simplest_mediadata_udp.cpp in Sources */ = {isa = PBXBuildFile; fileRef = 22707EED232F3FDF00344272 /* simplest_mediadata_udp.cpp */; };
		22707EF8232F3FDF00344272 /* simplest_mediadata_aac.cpp in Sources */ = {isa = PBXBuildFile; fileRef = 22707EF1232F3FDF00344272 /* simplest_mediadata_aac.cpp */; };
		22707EF9232F3FDF00344272 /* simplest_mediadata_h264.cpp in Sources */ = {isa = PBXBuildFile; fileRef = 22707EF3232F3FDF00344272 /* simplest_mediadata_h264.cpp */; };
		22707EFA232F3FDF00344272 /* simplest_mediadata_raw.cpp in Sources */ = {isa = PBXBuildFile; fileRef = 22707EF4232F3FDF00344272 /* simplest_mediadata_raw.cpp */; };
		22708DB62330DD8500344272 /* libiconv.tbd in Frameworks */ = {isa = PBXBuildFile; fileRef = 22708DB52330DD8500344272 /* libiconv.tbd */; };
		22708DB82330DD9A00344272 /* libbz2.tbd in Frameworks */ = {isa = PBXBuildFile; fileRef = 22708DB72330DD9A00344272 /* libbz2.tbd */; };
		22708DBA2330DDAB00344272 /* libz.tbd in Frameworks */ = {isa = PBXBuildFile; fileRef = 22708DB92330DDAB00344272 /* libz.tbd */; };
		22708DBC2330DDBE00344272 /* AudioToolbox.framework in Frameworks */ = {isa = PBXBuildFile; fileRef = 22708DBB2330DDBE00344272 /* AudioToolbox.framework */; };
		22708DBE2330DDCE00344272 /* CoreMedia.framework in Frameworks */ = {isa = PBXBuildFile; fileRef = 22708DBD2330DDCE00344272 /* CoreMedia.framework */; };
		22708DC02330DDDD00344272 /* VideoToolbox.framework in Frameworks */ = {isa = PBXBuildFile; fileRef = 22708DBF2330DDDD00344272 /* VideoToolbox.framework */; };
		22B6DE4C2331E24B00D048F0 /* libavutil.56.22.100.dylib in Frameworks */ = {isa = PBXBuildFile; fileRef = 22B6DE432331E24B00D048F0 /* libavutil.56.22.100.dylib */; };
		22B6DE4D2331E24B00D048F0 /* libswresample.3.3.100.dylib in Frameworks */ = {isa = PBXBuildFile; fileRef = 22B6DE442331E24B00D048F0 /* libswresample.3.3.100.dylib */; };
		22B6DE4E2331E24B00D048F0 /* libavfilter.7.40.101.dylib in Frameworks */ = {isa = PBXBuildFile; fileRef = 22B6DE452331E24B00D048F0 /* libavfilter.7.40.101.dylib */; };
		22B6DE4F2331E24B00D048F0 /* libpostproc.55.3.100.dylib in Frameworks */ = {isa = PBXBuildFile; fileRef = 22B6DE462331E24B00D048F0 /* libpostproc.55.3.100.dylib */; };
		22B6DE502331E24B00D048F0 /* libswscale.5.3.100.dylib in Frameworks */ = {isa = PBXBuildFile; fileRef = 22B6DE472331E24B00D048F0 /* libswscale.5.3.100.dylib */; };
		22B6DE512331E24B00D048F0 /* libavcodec.58.35.100.dylib in Frameworks */ = {isa = PBXBuildFile; fileRef = 22B6DE482331E24B00D048F0 /* libavcodec.58.35.100.dylib */; };
		22B6DE522331E24B00D048F0 /* libavformat.58.20.100.dylib in Frameworks */ = {isa = PBXBuildFile; fileRef = 22B6DE492331E24B00D048F0 /* libavformat.58.20.100.dylib */; };
		22B6DE532331E24B00D048F0 /* libavresample.4.0.0.dylib in Frameworks */ = {isa = PBXBuildFile; fileRef = 22B6DE4A2331E24B00D048F0 /* libavresample.4.0.0.dylib */; };
		22B6DE782334711F00D048F0 /* simplest_ffmpeg_decoder.cpp in Sources */ = {isa = PBXBuildFile; fileRef = 22B6DE6D2334711F00D048F0 /* simplest_ffmpeg_decoder.cpp */; };
		22B6DE792334711F00D048F0 /* simplest_ffmpeg_player.cpp in Sources */ = {isa = PBXBuildFile; fileRef = 22B6DE712334711F00D048F0 /* simplest_ffmpeg_player.cpp */; };
		22B6DE7A2334711F00D048F0 /* simplest_video_play_sdl2.cpp in Sources */ = {isa = PBXBuildFile; fileRef = 22B6DE722334711F00D048F0 /* simplest_video_play_sdl2.cpp */; };
		22B6DE7B2334711F00D048F0 /* simplest_ffmpeg_player_su.cpp in Sources */ = {isa = PBXBuildFile; fileRef = 22B6DE732334711F00D048F0 /* simplest_ffmpeg_player_su.cpp */; };
		22B6DE7C2334711F00D048F0 /* simplest_ffmpeg_helloworld.cpp in Sources */ = {isa = PBXBuildFile; fileRef = 22B6DE752334711F00D048F0 /* simplest_ffmpeg_helloworld.cpp */; };
		22B6DE7D2334711F00D048F0 /* simplest_ffmpeg_decoder_pure.cpp in Sources */ = {isa = PBXBuildFile; fileRef = 22B6DE762334711F00D048F0 /* simplest_ffmpeg_decoder_pure.cpp */; };
		22C5ACA22320FA0A00E7707C /* main.cpp in Sources */ = {isa = PBXBuildFile; fileRef = 22C5ACA12320FA0A00E7707C /* main.cpp */; };
/* End PBXBuildFile section */

/* Begin PBXCopyFilesBuildPhase section */
		22C5AC9C2320FA0A00E7707C /* CopyFiles */ = {
			isa = PBXCopyFilesBuildPhase;
			buildActionMask = 2147483647;
			dstPath = /usr/share/man/man1/;
			dstSubfolderSpec = 0;
			files = (
			);
			runOnlyForDeploymentPostprocessing = 1;
		};
/* End PBXCopyFilesBuildPhase section */

/* Begin PBXFileReference section */
		18A7BCB923B1A99700AEDE48 /* SDL2 */ = {isa = PBXFileReference; lastKnownFileType = "compiled.mach-o.dylib"; name = SDL2; path = ffmpeg/lib/SDL2.framework/Versions/A/SDL2; sourceTree = "<group>"; };
		18A7BCBC23B1AB2F00AEDE48 /* libSDL2.a */ = {isa = PBXFileReference; lastKnownFileType = archive.ar; name = libSDL2.a; path = ../../../../../usr/local/Cellar/sdl2/2.0.10/lib/libSDL2.a; sourceTree = "<group>"; };
		22707EEC232F3FDF00344272 /* simplest_mediadata_flv.cpp */ = {isa = PBXFileReference; fileEncoding = 4; lastKnownFileType = sourcecode.cpp.cpp; path = simplest_mediadata_flv.cpp; sourceTree = "<group>"; };
		22707EED232F3FDF00344272 /* simplest_mediadata_udp.cpp */ = {isa = PBXFileReference; fileEncoding = 4; lastKnownFileType = sourcecode.cpp.cpp; path = simplest_mediadata_udp.cpp; sourceTree = "<group>"; };
		22707EEE232F3FDF00344272 /* simplest_mediadata_raw.hpp */ = {isa = PBXFileReference; fileEncoding = 4; lastKnownFileType = sourcecode.cpp.h; path = simplest_mediadata_raw.hpp; sourceTree = "<group>"; };
		22707EEF232F3FDF00344272 /* simplest_mediadata_udp.hpp */ = {isa = PBXFileReference; fileEncoding = 4; lastKnownFileType = sourcecode.cpp.h; path = simplest_mediadata_udp.hpp; sourceTree = "<group>"; };
		22707EF0232F3FDF00344272 /* simplest_mediadata_aac.hpp */ = {isa = PBXFileReference; fileEncoding = 4; lastKnownFileType = sourcecode.cpp.h; path = simplest_mediadata_aac.hpp; sourceTree = "<group>"; };
		22707EF1232F3FDF00344272 /* simplest_mediadata_aac.cpp */ = {isa = PBXFileReference; fileEncoding = 4; lastKnownFileType = sourcecode.cpp.cpp; path = simplest_mediadata_aac.cpp; sourceTree = "<group>"; };
		22707EF2232F3FDF00344272 /* simplest_mediadata_flv.hpp */ = {isa = PBXFileReference; fileEncoding = 4; lastKnownFileType = sourcecode.cpp.h; path = simplest_mediadata_flv.hpp; sourceTree = "<group>"; };
		22707EF3232F3FDF00344272 /* simplest_mediadata_h264.cpp */ = {isa = PBXFileReference; fileEncoding = 4; lastKnownFileType = sourcecode.cpp.cpp; path = simplest_mediadata_h264.cpp; sourceTree = "<group>"; };
		22707EF4232F3FDF00344272 /* simplest_mediadata_raw.cpp */ = {isa = PBXFileReference; fileEncoding = 4; lastKnownFileType = sourcecode.cpp.cpp; path = simplest_mediadata_raw.cpp; sourceTree = "<group>"; };
		22707EF5232F3FDF00344272 /* simplest_mediadata_h264.hpp */ = {isa = PBXFileReference; fileEncoding = 4; lastKnownFileType = sourcecode.cpp.h; path = simplest_mediadata_h264.hpp; sourceTree = "<group>"; };
		22708DA9232F866200344272 /* libavcodec.58.35.100.dylib */ = {isa = PBXFileReference; lastKnownFileType = "compiled.mach-o.dylib"; name = libavcodec.58.35.100.dylib; path = ../../../../../../usr/local/Cellar/ffmpeg/4.1.4_2/lib/libavcodec.58.35.100.dylib; sourceTree = "<group>"; };
		22708DAA232F866200344272 /* libavdevice.58.5.100.dylib */ = {isa = PBXFileReference; lastKnownFileType = "compiled.mach-o.dylib"; name = libavdevice.58.5.100.dylib; path = ../../../../../../usr/local/Cellar/ffmpeg/4.1.4_2/lib/libavdevice.58.5.100.dylib; sourceTree = "<group>"; };
		22708DAD232F86B100344272 /* libavformat.58.20.100.dylib */ = {isa = PBXFileReference; lastKnownFileType = "compiled.mach-o.dylib"; name = libavformat.58.20.100.dylib; path = ../../../../../../usr/local/Cellar/ffmpeg/4.1.4_2/lib/libavformat.58.20.100.dylib; sourceTree = "<group>"; };
		22708DAE232F86B100344272 /* libavutil.56.22.100.dylib */ = {isa = PBXFileReference; lastKnownFileType = "compiled.mach-o.dylib"; name = libavutil.56.22.100.dylib; path = ../../../../../../usr/local/Cellar/ffmpeg/4.1.4_2/lib/libavutil.56.22.100.dylib; sourceTree = "<group>"; };
		22708DAF232F86B100344272 /* libswscale.5.3.100.dylib */ = {isa = PBXFileReference; lastKnownFileType = "compiled.mach-o.dylib"; name = libswscale.5.3.100.dylib; path = ../../../../../../usr/local/Cellar/ffmpeg/4.1.4_2/lib/libswscale.5.3.100.dylib; sourceTree = "<group>"; };
		22708DB52330DD8500344272 /* libiconv.tbd */ = {isa = PBXFileReference; lastKnownFileType = "sourcecode.text-based-dylib-definition"; name = libiconv.tbd; path = usr/lib/libiconv.tbd; sourceTree = SDKROOT; };
		22708DB72330DD9A00344272 /* libbz2.tbd */ = {isa = PBXFileReference; lastKnownFileType = "sourcecode.text-based-dylib-definition"; name = libbz2.tbd; path = usr/lib/libbz2.tbd; sourceTree = SDKROOT; };
		22708DB92330DDAB00344272 /* libz.tbd */ = {isa = PBXFileReference; lastKnownFileType = "sourcecode.text-based-dylib-definition"; name = libz.tbd; path = usr/lib/libz.tbd; sourceTree = SDKROOT; };
		22708DBB2330DDBE00344272 /* AudioToolbox.framework */ = {isa = PBXFileReference; lastKnownFileType = wrapper.framework; name = AudioToolbox.framework; path = System/Library/Frameworks/AudioToolbox.framework; sourceTree = SDKROOT; };
		22708DBD2330DDCE00344272 /* CoreMedia.framework */ = {isa = PBXFileReference; lastKnownFileType = wrapper.framework; name = CoreMedia.framework; path = System/Library/Frameworks/CoreMedia.framework; sourceTree = SDKROOT; };
		22708DBF2330DDDD00344272 /* VideoToolbox.framework */ = {isa = PBXFileReference; lastKnownFileType = wrapper.framework; name = VideoToolbox.framework; path = System/Library/Frameworks/VideoToolbox.framework; sourceTree = SDKROOT; };
		22708DC32330E4AE00344272 /* SDL2.framework */ = {isa = PBXFileReference; lastKnownFileType = wrapper.framework; path = SDL2.framework; sourceTree = "<group>"; };
		22B6DE422331E24B00D048F0 /* libavdevice.58.5.100.dylib */ = {isa = PBXFileReference; lastKnownFileType = "compiled.mach-o.dylib"; name = libavdevice.58.5.100.dylib; path = ffmpeg/lib/libavdevice.58.5.100.dylib; sourceTree = "<group>"; };
		22B6DE432331E24B00D048F0 /* libavutil.56.22.100.dylib */ = {isa = PBXFileReference; lastKnownFileType = "compiled.mach-o.dylib"; name = libavutil.56.22.100.dylib; path = ffmpeg/lib/libavutil.56.22.100.dylib; sourceTree = "<group>"; };
		22B6DE442331E24B00D048F0 /* libswresample.3.3.100.dylib */ = {isa = PBXFileReference; lastKnownFileType = "compiled.mach-o.dylib"; name = libswresample.3.3.100.dylib; path = ffmpeg/lib/libswresample.3.3.100.dylib; sourceTree = "<group>"; };
		22B6DE452331E24B00D048F0 /* libavfilter.7.40.101.dylib */ = {isa = PBXFileReference; lastKnownFileType = "compiled.mach-o.dylib"; name = libavfilter.7.40.101.dylib; path = ffmpeg/lib/libavfilter.7.40.101.dylib; sourceTree = "<group>"; };
		22B6DE462331E24B00D048F0 /* libpostproc.55.3.100.dylib */ = {isa = PBXFileReference; lastKnownFileType = "compiled.mach-o.dylib"; name = libpostproc.55.3.100.dylib; path = ffmpeg/lib/libpostproc.55.3.100.dylib; sourceTree = "<group>"; };
		22B6DE472331E24B00D048F0 /* libswscale.5.3.100.dylib */ = {isa = PBXFileReference; lastKnownFileType = "compiled.mach-o.dylib"; name = libswscale.5.3.100.dylib; path = ffmpeg/lib/libswscale.5.3.100.dylib; sourceTree = "<group>"; };
		22B6DE482331E24B00D048F0 /* libavcodec.58.35.100.dylib */ = {isa = PBXFileReference; lastKnownFileType = "compiled.mach-o.dylib"; name = libavcodec.58.35.100.dylib; path = ffmpeg/lib/libavcodec.58.35.100.dylib; sourceTree = "<group>"; };
		22B6DE492331E24B00D048F0 /* libavformat.58.20.100.dylib */ = {isa = PBXFileReference; lastKnownFileType = "compiled.mach-o.dylib"; name = libavformat.58.20.100.dylib; path = ffmpeg/lib/libavformat.58.20.100.dylib; sourceTree = "<group>"; };
		22B6DE4A2331E24B00D048F0 /* libavresample.4.0.0.dylib */ = {isa = PBXFileReference; lastKnownFileType = "compiled.mach-o.dylib"; name = libavresample.4.0.0.dylib; path = ffmpeg/lib/libavresample.4.0.0.dylib; sourceTree = "<group>"; };
		22B6DE6C2334711F00D048F0 /* simplest_video_play_sdl2.hpp */ = {isa = PBXFileReference; fileEncoding = 4; lastKnownFileType = sourcecode.cpp.h; path = simplest_video_play_sdl2.hpp; sourceTree = "<group>"; };
		22B6DE6D2334711F00D048F0 /* simplest_ffmpeg_decoder.cpp */ = {isa = PBXFileReference; fileEncoding = 4; lastKnownFileType = sourcecode.cpp.cpp; path = simplest_ffmpeg_decoder.cpp; sourceTree = "<group>"; };
		22B6DE6E2334711F00D048F0 /* simplest_ffmpeg_helloworld.hpp */ = {isa = PBXFileReference; fileEncoding = 4; lastKnownFileType = sourcecode.cpp.h; path = simplest_ffmpeg_helloworld.hpp; sourceTree = "<group>"; };
		22B6DE6F2334711F00D048F0 /* simplest_ffmpeg_player_su.hpp */ = {isa = PBXFileReference; fileEncoding = 4; lastKnownFileType = sourcecode.cpp.h; path = simplest_ffmpeg_player_su.hpp; sourceTree = "<group>"; };
		22B6DE702334711F00D048F0 /* simplest_ffmpeg_player.hpp */ = {isa = PBXFileReference; fileEncoding = 4; lastKnownFileType = sourcecode.cpp.h; path = simplest_ffmpeg_player.hpp; sourceTree = "<group>"; };
		22B6DE712334711F00D048F0 /* simplest_ffmpeg_player.cpp */ = {isa = PBXFileReference; fileEncoding = 4; lastKnownFileType = sourcecode.cpp.cpp; path = simplest_ffmpeg_player.cpp; sourceTree = "<group>"; };
		22B6DE722334711F00D048F0 /* simplest_video_play_sdl2.cpp */ = {isa = PBXFileReference; fileEncoding = 4; lastKnownFileType = sourcecode.cpp.cpp; path = simplest_video_play_sdl2.cpp; sourceTree = "<group>"; };
		22B6DE732334711F00D048F0 /* simplest_ffmpeg_player_su.cpp */ = {isa = PBXFileReference; fileEncoding = 4; lastKnownFileType = sourcecode.cpp.cpp; path = simplest_ffmpeg_player_su.cpp; sourceTree = "<group>"; };
		22B6DE742334711F00D048F0 /* simplest_ffmpeg_decoder_pure.hpp */ = {isa = PBXFileReference; fileEncoding = 4; lastKnownFileType = sourcecode.cpp.h; path = simplest_ffmpeg_decoder_pure.hpp; sourceTree = "<group>"; };
		22B6DE752334711F00D048F0 /* simplest_ffmpeg_helloworld.cpp */ = {isa = PBXFileReference; fileEncoding = 4; lastKnownFileType = sourcecode.cpp.cpp; path = simplest_ffmpeg_helloworld.cpp; sourceTree = "<group>"; };
		22B6DE762334711F00D048F0 /* simplest_ffmpeg_decoder_pure.cpp */ = {isa = PBXFileReference; fileEncoding = 4; lastKnownFileType = sourcecode.cpp.cpp; path = simplest_ffmpeg_decoder_pure.cpp; sourceTree = "<group>"; };
		22B6DE772334711F00D048F0 /* simplest_ffmpeg_decoder.hpp */ = {isa = PBXFileReference; fileEncoding = 4; lastKnownFileType = sourcecode.cpp.h; path = simplest_ffmpeg_decoder.hpp; sourceTree = "<group>"; };
		22C5AC9E2320FA0A00E7707C /* ffmpeg */ = {isa = PBXFileReference; explicitFileType = "compiled.mach-o.executable"; includeInIndex = 0; path = ffmpeg; sourceTree = BUILT_PRODUCTS_DIR; };
		22C5ACA12320FA0A00E7707C /* main.cpp */ = {isa = PBXFileReference; lastKnownFileType = sourcecode.cpp.cpp; path = main.cpp; sourceTree = "<group>"; };
/* End PBXFileReference section */

/* Begin PBXFrameworksBuildPhase section */
		22C5AC9B2320FA0A00E7707C /* Frameworks */ = {
			isa = PBXFrameworksBuildPhase;
			buildActionMask = 2147483647;
			files = (
				18A7BCC823B1FEEE00AEDE48 /* libSDL2.a in Frameworks */,
				18A7BCB823B0BF5900AEDE48 /* libavdevice.58.5.100.dylib in Frameworks */,
				22B6DE4C2331E24B00D048F0 /* libavutil.56.22.100.dylib in Frameworks */,
				22B6DE4D2331E24B00D048F0 /* libswresample.3.3.100.dylib in Frameworks */,
				22B6DE4E2331E24B00D048F0 /* libavfilter.7.40.101.dylib in Frameworks */,
				22B6DE4F2331E24B00D048F0 /* libpostproc.55.3.100.dylib in Frameworks */,
				22B6DE502331E24B00D048F0 /* libswscale.5.3.100.dylib in Frameworks */,
				22B6DE512331E24B00D048F0 /* libavcodec.58.35.100.dylib in Frameworks */,
				22B6DE522331E24B00D048F0 /* libavformat.58.20.100.dylib in Frameworks */,
				22B6DE532331E24B00D048F0 /* libavresample.4.0.0.dylib in Frameworks */,
				22708DC02330DDDD00344272 /* VideoToolbox.framework in Frameworks */,
				22708DBE2330DDCE00344272 /* CoreMedia.framework in Frameworks */,
				22708DBC2330DDBE00344272 /* AudioToolbox.framework in Frameworks */,
				22708DBA2330DDAB00344272 /* libz.tbd in Frameworks */,
				22708DB82330DD9A00344272 /* libbz2.tbd in Frameworks */,
				22708DB62330DD8500344272 /* libiconv.tbd in Frameworks */,
			);
			runOnlyForDeploymentPostprocessing = 0;
		};
/* End PBXFrameworksBuildPhase section */

/* Begin PBXGroup section */
		22707EE8232F3EF900344272 /* lib */ = {
			isa = PBXGroup;
			children = (
				22708DC32330E4AE00344272 /* SDL2.framework */,
			);
			path = lib;
			sourceTree = "<group>";
		};
		22707EEB232F3FA500344272 /* simplest_mediadata_test */ = {
			isa = PBXGroup;
			children = (
				22707EEE232F3FDF00344272 /* simplest_mediadata_raw.hpp */,
				22707EF4232F3FDF00344272 /* simplest_mediadata_raw.cpp */,
				22707EF5232F3FDF00344272 /* simplest_mediadata_h264.hpp */,
				22707EF3232F3FDF00344272 /* simplest_mediadata_h264.cpp */,
				22707EF0232F3FDF00344272 /* simplest_mediadata_aac.hpp */,
				22707EF1232F3FDF00344272 /* simplest_mediadata_aac.cpp */,
				22707EF2232F3FDF00344272 /* simplest_mediadata_flv.hpp */,
				22707EEC232F3FDF00344272 /* simplest_mediadata_flv.cpp */,
				22707EEF232F3FDF00344272 /* simplest_mediadata_udp.hpp */,
				22707EED232F3FDF00344272 /* simplest_mediadata_udp.cpp */,
			);
			path = simplest_mediadata_test;
			sourceTree = "<group>";
		};
		22707EFB232F406400344272 /* simplest_ffmpeg_player */ = {
			isa = PBXGroup;
			children = (
				22B6DE742334711F00D048F0 /* simplest_ffmpeg_decoder_pure.hpp */,
				22B6DE762334711F00D048F0 /* simplest_ffmpeg_decoder_pure.cpp */,
				22B6DE772334711F00D048F0 /* simplest_ffmpeg_decoder.hpp */,
				22B6DE6D2334711F00D048F0 /* simplest_ffmpeg_decoder.cpp */,
				22B6DE6E2334711F00D048F0 /* simplest_ffmpeg_helloworld.hpp */,
				22B6DE752334711F00D048F0 /* simplest_ffmpeg_helloworld.cpp */,
				22B6DE6F2334711F00D048F0 /* simplest_ffmpeg_player_su.hpp */,
				22B6DE732334711F00D048F0 /* simplest_ffmpeg_player_su.cpp */,
				22B6DE702334711F00D048F0 /* simplest_ffmpeg_player.hpp */,
				22B6DE712334711F00D048F0 /* simplest_ffmpeg_player.cpp */,
				22B6DE6C2334711F00D048F0 /* simplest_video_play_sdl2.hpp */,
				22B6DE722334711F00D048F0 /* simplest_video_play_sdl2.cpp */,
			);
			path = simplest_ffmpeg_player;
			sourceTree = "<group>";
		};
		22708D21232F62C600344272 /* include */ = {
			isa = PBXGroup;
			children = (
			);
			path = include;
			sourceTree = "<group>";
		};
		22708DA8232F866200344272 /* Frameworks */ = {
			isa = PBXGroup;
			children = (
				18A7BCBC23B1AB2F00AEDE48 /* libSDL2.a */,
				18A7BCB923B1A99700AEDE48 /* SDL2 */,
				22B6DE482331E24B00D048F0 /* libavcodec.58.35.100.dylib */,
				22B6DE422331E24B00D048F0 /* libavdevice.58.5.100.dylib */,
				22B6DE452331E24B00D048F0 /* libavfilter.7.40.101.dylib */,
				22B6DE492331E24B00D048F0 /* libavformat.58.20.100.dylib */,
				22B6DE4A2331E24B00D048F0 /* libavresample.4.0.0.dylib */,
				22B6DE432331E24B00D048F0 /* libavutil.56.22.100.dylib */,
				22B6DE462331E24B00D048F0 /* libpostproc.55.3.100.dylib */,
				22B6DE442331E24B00D048F0 /* libswresample.3.3.100.dylib */,
				22B6DE472331E24B00D048F0 /* libswscale.5.3.100.dylib */,
				22708DBF2330DDDD00344272 /* VideoToolbox.framework */,
				22708DBD2330DDCE00344272 /* CoreMedia.framework */,
				22708DBB2330DDBE00344272 /* AudioToolbox.framework */,
				22708DB92330DDAB00344272 /* libz.tbd */,
				22708DB72330DD9A00344272 /* libbz2.tbd */,
				22708DB52330DD8500344272 /* libiconv.tbd */,
				22708DAD232F86B100344272 /* libavformat.58.20.100.dylib */,
				22708DAE232F86B100344272 /* libavutil.56.22.100.dylib */,
				22708DAF232F86B100344272 /* libswscale.5.3.100.dylib */,
				22708DA9232F866200344272 /* libavcodec.58.35.100.dylib */,
				22708DAA232F866200344272 /* libavdevice.58.5.100.dylib */,
			);
			name = Frameworks;
			sourceTree = "<group>";
		};
		22B6DE6B23346F3400D048F0 /* simplest_ffmpeg_audio_player */ = {
			isa = PBXGroup;
			children = (
			);
			path = simplest_ffmpeg_audio_player;
			sourceTree = "<group>";
		};
		22C5AC952320FA0A00E7707C = {
			isa = PBXGroup;
			children = (
				22C5ACA02320FA0A00E7707C /* ffmpeg */,
				22C5AC9F2320FA0A00E7707C /* Products */,
				22708DA8232F866200344272 /* Frameworks */,
			);
			sourceTree = "<group>";
		};
		22C5AC9F2320FA0A00E7707C /* Products */ = {
			isa = PBXGroup;
			children = (
				22C5AC9E2320FA0A00E7707C /* ffmpeg */,
			);
			name = Products;
			sourceTree = "<group>";
		};
		22C5ACA02320FA0A00E7707C /* ffmpeg */ = {
			isa = PBXGroup;
			children = (
				22708D21232F62C600344272 /* include */,
				22707EE8232F3EF900344272 /* lib */,
				22C5ACA82320FA5A00E7707C /* src */,
				22C5ACA12320FA0A00E7707C /* main.cpp */,
			);
			path = ffmpeg;
			sourceTree = "<group>";
		};
		22C5ACA82320FA5A00E7707C /* src */ = {
			isa = PBXGroup;
			children = (
				22B6DE6B23346F3400D048F0 /* simplest_ffmpeg_audio_player */,
				22707EEB232F3FA500344272 /* simplest_mediadata_test */,
				22707EFB232F406400344272 /* simplest_ffmpeg_player */,
			);
			path = src;
			sourceTree = "<group>";
		};
/* End PBXGroup section */

/* Begin PBXNativeTarget section */
		22C5AC9D2320FA0A00E7707C /* ffmpeg */ = {
			isa = PBXNativeTarget;
			buildConfigurationList = 22C5ACA52320FA0A00E7707C /* Build configuration list for PBXNativeTarget "ffmpeg" */;
			buildPhases = (
				22C5AC9A2320FA0A00E7707C /* Sources */,
				22C5AC9B2320FA0A00E7707C /* Frameworks */,
				22C5AC9C2320FA0A00E7707C /* CopyFiles */,
			);
			buildRules = (
			);
			dependencies = (
			);
			name = ffmpeg;
			productName = ffmpeg;
			productReference = 22C5AC9E2320FA0A00E7707C /* ffmpeg */;
			productType = "com.apple.product-type.tool";
		};
/* End PBXNativeTarget section */

/* Begin PBXProject section */
		22C5AC962320FA0A00E7707C /* Project object */ = {
			isa = PBXProject;
			attributes = {
				LastUpgradeCheck = 1020;
				ORGANIZATIONNAME = "秀健身";
				TargetAttributes = {
					22C5AC9D2320FA0A00E7707C = {
						CreatedOnToolsVersion = 10.2.1;
					};
				};
			};
			buildConfigurationList = 22C5AC992320FA0A00E7707C /* Build configuration list for PBXProject "ffmpeg" */;
			compatibilityVersion = "Xcode 9.3";
			developmentRegion = en;
			hasScannedForEncodings = 0;
			knownRegions = (
				en,
			);
			mainGroup = 22C5AC952320FA0A00E7707C;
			productRefGroup = 22C5AC9F2320FA0A00E7707C /* Products */;
			projectDirPath = "";
			projectRoot = "";
			targets = (
				22C5AC9D2320FA0A00E7707C /* ffmpeg */,
			);
		};
/* End PBXProject section */

/* Begin PBXSourcesBuildPhase section */
		22C5AC9A2320FA0A00E7707C /* Sources */ = {
			isa = PBXSourcesBuildPhase;
			buildActionMask = 2147483647;
			files = (
				22B6DE7D2334711F00D048F0 /* simplest_ffmpeg_decoder_pure.cpp in Sources */,
				22707EF6232F3FDF00344272 /* simplest_mediadata_flv.cpp in Sources */,
				22B6DE782334711F00D048F0 /* simplest_ffmpeg_decoder.cpp in Sources */,
				22B6DE7B2334711F00D048F0 /* simplest_ffmpeg_player_su.cpp in Sources */,
				22B6DE7A2334711F00D048F0 /* simplest_video_play_sdl2.cpp in Sources */,
				22707EF8232F3FDF00344272 /* simplest_mediadata_aac.cpp in Sources */,
				22707EF7232F3FDF00344272 /* simplest_mediadata_udp.cpp in Sources */,
				22B6DE792334711F00D048F0 /* simplest_ffmpeg_player.cpp in Sources */,
				22B6DE7C2334711F00D048F0 /* simplest_ffmpeg_helloworld.cpp in Sources */,
				22707EF9232F3FDF00344272 /* simplest_mediadata_h264.cpp in Sources */,
				22707EFA232F3FDF00344272 /* simplest_mediadata_raw.cpp in Sources */,
				22C5ACA22320FA0A00E7707C /* main.cpp in Sources */,
			);
			runOnlyForDeploymentPostprocessing = 0;
		};
/* End PBXSourcesBuildPhase section */

/* Begin XCBuildConfiguration section */
		22C5ACA32320FA0A00E7707C /* Debug */ = {
			isa = XCBuildConfiguration;
			buildSettings = {
				ALWAYS_SEARCH_USER_PATHS = NO;
				CLANG_ANALYZER_NONNULL = YES;
				CLANG_ANALYZER_NUMBER_OBJECT_CONVERSION = YES_AGGRESSIVE;
				CLANG_CXX_LANGUAGE_STANDARD = "gnu++14";
				CLANG_CXX_LIBRARY = "libc++";
				CLANG_ENABLE_MODULES = YES;
				CLANG_ENABLE_OBJC_ARC = YES;
				CLANG_ENABLE_OBJC_WEAK = YES;
				CLANG_WARN_BLOCK_CAPTURE_AUTORELEASING = YES;
				CLANG_WARN_BOOL_CONVERSION = YES;
				CLANG_WARN_COMMA = YES;
				CLANG_WARN_CONSTANT_CONVERSION = YES;
				CLANG_WARN_DEPRECATED_OBJC_IMPLEMENTATIONS = YES;
				CLANG_WARN_DIRECT_OBJC_ISA_USAGE = YES_ERROR;
				CLANG_WARN_DOCUMENTATION_COMMENTS = YES;
				CLANG_WARN_EMPTY_BODY = YES;
				CLANG_WARN_ENUM_CONVERSION = YES;
				CLANG_WARN_INFINITE_RECURSION = YES;
				CLANG_WARN_INT_CONVERSION = YES;
				CLANG_WARN_NON_LITERAL_NULL_CONVERSION = YES;
				CLANG_WARN_OBJC_IMPLICIT_RETAIN_SELF = YES;
				CLANG_WARN_OBJC_LITERAL_CONVERSION = YES;
				CLANG_WARN_OBJC_ROOT_CLASS = YES_ERROR;
				CLANG_WARN_RANGE_LOOP_ANALYSIS = YES;
				CLANG_WARN_STRICT_PROTOTYPES = YES;
				CLANG_WARN_SUSPICIOUS_MOVE = YES;
				CLANG_WARN_UNGUARDED_AVAILABILITY = YES_AGGRESSIVE;
				CLANG_WARN_UNREACHABLE_CODE = YES;
				CLANG_WARN__DUPLICATE_METHOD_MATCH = YES;
				CODE_SIGN_IDENTITY = "-";
				COPY_PHASE_STRIP = NO;
				DEBUG_INFORMATION_FORMAT = dwarf;
				ENABLE_STRICT_OBJC_MSGSEND = YES;
				ENABLE_TESTABILITY = YES;
				GCC_C_LANGUAGE_STANDARD = gnu11;
				GCC_DYNAMIC_NO_PIC = NO;
				GCC_NO_COMMON_BLOCKS = YES;
				GCC_OPTIMIZATION_LEVEL = 0;
				GCC_PREPROCESSOR_DEFINITIONS = (
					"DEBUG=1",
					"$(inherited)",
				);
				GCC_WARN_64_TO_32_BIT_CONVERSION = YES;
				GCC_WARN_ABOUT_RETURN_TYPE = YES_ERROR;
				GCC_WARN_UNDECLARED_SELECTOR = YES;
				GCC_WARN_UNINITIALIZED_AUTOS = YES_AGGRESSIVE;
				GCC_WARN_UNUSED_FUNCTION = YES;
				GCC_WARN_UNUSED_VARIABLE = YES;
				MACOSX_DEPLOYMENT_TARGET = 10.14;
				MTL_ENABLE_DEBUG_INFO = INCLUDE_SOURCE;
				MTL_FAST_MATH = YES;
				ONLY_ACTIVE_ARCH = YES;
				SDKROOT = macosx;
			};
			name = Debug;
		};
		22C5ACA42320FA0A00E7707C /* Release */ = {
			isa = XCBuildConfiguration;
			buildSettings = {
				ALWAYS_SEARCH_USER_PATHS = NO;
				CLANG_ANALYZER_NONNULL = YES;
				CLANG_ANALYZER_NUMBER_OBJECT_CONVERSION = YES_AGGRESSIVE;
				CLANG_CXX_LANGUAGE_STANDARD = "gnu++14";
				CLANG_CXX_LIBRARY = "libc++";
				CLANG_ENABLE_MODULES = YES;
				CLANG_ENABLE_OBJC_ARC = YES;
				CLANG_ENABLE_OBJC_WEAK = YES;
				CLANG_WARN_BLOCK_CAPTURE_AUTORELEASING = YES;
				CLANG_WARN_BOOL_CONVERSION = YES;
				CLANG_WARN_COMMA = YES;
				CLANG_WARN_CONSTANT_CONVERSION = YES;
				CLANG_WARN_DEPRECATED_OBJC_IMPLEMENTATIONS = YES;
				CLANG_WARN_DIRECT_OBJC_ISA_USAGE = YES_ERROR;
				CLANG_WARN_DOCUMENTATION_COMMENTS = YES;
				CLANG_WARN_EMPTY_BODY = YES;
				CLANG_WARN_ENUM_CONVERSION = YES;
				CLANG_WARN_INFINITE_RECURSION = YES;
				CLANG_WARN_INT_CONVERSION = YES;
				CLANG_WARN_NON_LITERAL_NULL_CONVERSION = YES;
				CLANG_WARN_OBJC_IMPLICIT_RETAIN_SELF = YES;
				CLANG_WARN_OBJC_LITERAL_CONVERSION = YES;
				CLANG_WARN_OBJC_ROOT_CLASS = YES_ERROR;
				CLANG_WARN_RANGE_LOOP_ANALYSIS = YES;
				CLANG_WARN_STRICT_PROTOTYPES = YES;
				CLANG_WARN_SUSPICIOUS_MOVE = YES;
				CLANG_WARN_UNGUARDED_AVAILABILITY = YES_AGGRESSIVE;
				CLANG_WARN_UNREACHABLE_CODE = YES;
				CLANG_WARN__DUPLICATE_METHOD_MATCH = YES;
				CODE_SIGN_IDENTITY = "-";
				COPY_PHASE_STRIP = NO;
				DEBUG_INFORMATION_FORMAT = "dwarf-with-dsym";
				ENABLE_NS_ASSERTIONS = NO;
				ENABLE_STRICT_OBJC_MSGSEND = YES;
				GCC_C_LANGUAGE_STANDARD = gnu11;
				GCC_NO_COMMON_BLOCKS = YES;
				GCC_WARN_64_TO_32_BIT_CONVERSION = YES;
				GCC_WARN_ABOUT_RETURN_TYPE = YES_ERROR;
				GCC_WARN_UNDECLARED_SELECTOR = YES;
				GCC_WARN_UNINITIALIZED_AUTOS = YES_AGGRESSIVE;
				GCC_WARN_UNUSED_FUNCTION = YES;
				GCC_WARN_UNUSED_VARIABLE = YES;
				MACOSX_DEPLOYMENT_TARGET = 10.14;
				MTL_ENABLE_DEBUG_INFO = NO;
				MTL_FAST_MATH = YES;
				SDKROOT = macosx;
			};
			name = Release;
		};
		22C5ACA62320FA0A00E7707C /* Debug */ = {
			isa = XCBuildConfiguration;
			buildSettings = {
				CODE_SIGN_STYLE = Automatic;
				FRAMEWORK_SEARCH_PATHS = (
					"$(inherited)",
					"$(PROJECT_DIR)/ffmpeg/lib",
				);
				HEADER_SEARCH_PATHS = (
					"$(inherited)",
					"$(PROJECT_DIR)/ffmpeg/include",
				);
				INSTALL_PATH = /usr/local/bin;
				LIBRARY_SEARCH_PATHS = (
					"$(inherited)",
					"$(PROJECT_DIR)/ffmpeg/lib",
					"$(PROJECT_DIR)/ffmpeg/lib/SDL2.framework/Versions/A",
					/usr/local/Cellar/sdl2/2.0.10/lib,
				);
				PRODUCT_NAME = "$(TARGET_NAME)";
			};
			name = Debug;
		};
		22C5ACA72320FA0A00E7707C /* Release */ = {
			isa = XCBuildConfiguration;
			buildSettings = {
				CODE_SIGN_STYLE = Automatic;
				FRAMEWORK_SEARCH_PATHS = (
					"$(inherited)",
					"$(PROJECT_DIR)/ffmpeg/lib",
				);
				HEADER_SEARCH_PATHS = (
					"$(inherited)",
					"$(PROJECT_DIR)/ffmpeg/include",
				);
				INSTALL_PATH = /usr/local/bin;
				LIBRARY_SEARCH_PATHS = (
					"$(inherited)",
					"$(PROJECT_DIR)/ffmpeg/lib",
					"$(PROJECT_DIR)/ffmpeg/lib/SDL2.framework/Versions/A",
					/usr/local/Cellar/sdl2/2.0.10/lib,
				);
				PRODUCT_NAME = "$(TARGET_NAME)";
			};
			name = Release;
		};
/* End XCBuildConfiguration section */

/* Begin XCConfigurationList section */
		22C5AC992320FA0A00E7707C /* Build configuration list for PBXProject "ffmpeg" */ = {
			isa = XCConfigurationList;
			buildConfigurations = (
				22C5ACA32320FA0A00E7707C /* Debug */,
				22C5ACA42320FA0A00E7707C /* Release */,
			);
			defaultConfigurationIsVisible = 0;
			defaultConfigurationName = Release;
		};
		22C5ACA52320FA0A00E7707C /* Build configuration list for PBXNativeTarget "ffmpeg" */ = {
			isa = XCConfigurationList;
			buildConfigurations = (
				22C5ACA62320FA0A00E7707C /* Debug */,
				22C5ACA72320FA0A00E7707C /* Release */,
			);
			defaultConfigurationIsVisible = 0;
			defaultConfigurationName = Release;
		};
/* End XCConfigurationList section */
	};
	rootObject = 22C5AC962320FA0A00E7707C /* Project object */;
}
